
Microsoft Visual Studio Solution File, Format Version 12.00
# Visual Studio Version 17
VisualStudioVersion = 17.0.31903.59
MinimumVisualStudioVersion = 10.0.40219.1
Project("{2150E333-8FDC-42A3-9474-1A3956D46DE8}") = "src", "src", "{827E0CD3-B72D-47B6-A68D-7590B98EB39B}"
EndProject
Project("{FAE04EC0-301F-11D3-BF4B-00C04F79EFBC}") = "LedgerFlow.API", "src\LedgerFlow.API\LedgerFlow.API.csproj", "{1811F614-3C31-4644-873A-30C5F6FADE7A}"
EndProject
Project("{FAE04EC0-301F-11D3-BF4B-00C04F79EFBC}") = "LedgerFlow.Application", "src\LedgerFlow.Application\LedgerFlow.Application.csproj", "{AF4294B1-DCE3-4968-BE38-F9AC700C2807}"
EndProject
Project("{FAE04EC0-301F-11D3-BF4B-00C04F79EFBC}") = "LedgerFlow.Domain", "src\LedgerFlow.Domain\LedgerFlow.Domain.csproj", "{7D7DBCC1-CE20-4B80-BD49-E2072A3AD69B}"
EndProject
Project("{FAE04EC0-301F-11D3-BF4B-00C04F79EFBC}") = "LedgerFlow.Infrastructure", "src\LedgerFlow.Infrastructure\LedgerFlow.Infrastructure.csproj", "{2F2809C8-80EC-4A8B-8621-A28EE8CC2257}"
EndProject
Project("{2150E333-8FDC-42A3-9474-1A3956D46DE8}") = "tests", "tests", "{0AB3BF05-4346-4AA6-1389-037BE0695223}"
EndProject
Project("{FAE04EC0-301F-11D3-BF4B-00C04F79EFBC}") = "LedgerFlow.UnitTests", "tests\LedgerFlow.UnitTests\LedgerFlow.UnitTests.csproj", "{FB57940A-0B85-4121-BC6B-DF7B7A9437EA}"
EndProject
Project("{FAE04EC0-301F-11D3-BF4B-00C04F79EFBC}") = "LedgerFlow.IntegrationTests", "tests\LedgerFlow.IntegrationTests\LedgerFlow.IntegrationTests.csproj", "{3EA57631-F6BB-4A09-A54B-D32E03D47FF2}"
EndProject
Global
	GlobalSection(SolutionConfigurationPlatforms) = preSolution
		Debug|Any CPU = Debug|Any CPU
		Debug|x64 = Debug|x64
		Debug|x86 = Debug|x86
		Release|Any CPU = Release|Any CPU
		Release|x64 = Release|x64
		Release|x86 = Release|x86
	EndGlobalSection
	GlobalSection(ProjectConfigurationPlatforms) = postSolution
		{1811F614-3C31-4644-873A-30C5F6FADE7A}.Debug|Any CPU.ActiveCfg = Debug|Any CPU
		{1811F614-3C31-4644-873A-30C5F6FADE7A}.Debug|Any CPU.Build.0 = Debug|Any CPU
		{1811F614-3C31-4644-873A-30C5F6FADE7A}.Debug|x64.ActiveCfg = Debug|Any CPU
		{1811F614-3C31-4644-873A-30C5F6FADE7A}.Debug|x64.Build.0 = Debug|Any CPU
		{1811F614-3C31-4644-873A-30C5F6FADE7A}.Debug|x86.ActiveCfg = Debug|Any CPU
		{1811F614-3C31-4644-873A-30C5F6FADE7A}.Debug|x86.Build.0 = Debug|Any CPU
		{1811F614-3C31-4644-873A-30C5F6FADE7A}.Release|Any CPU.ActiveCfg = Release|Any CPU
		{1811F614-3C31-4644-873A-30C5F6FADE7A}.Release|Any CPU.Build.0 = Release|Any CPU
		{1811F614-3C31-4644-873A-30C5F6FADE7A}.Release|x64.ActiveCfg = Release|Any CPU
		{1811F614-3C31-4644-873A-30C5F6FADE7A}.Release|x64.Build.0 = Release|Any CPU
		{1811F614-3C31-4644-873A-30C5F6FADE7A}.Release|x86.ActiveCfg = Release|Any CPU
		{1811F614-3C31-4644-873A-30C5F6FADE7A}.Release|x86.Build.0 = Release|Any CPU
		{AF4294B1-DCE3-4968-BE38-F9AC700C2807}.Debug|Any CPU.ActiveCfg = Debug|Any CPU
		{AF4294B1-DCE3-4968-BE38-F9AC700C2807}.Debug|Any CPU.Build.0 = Debug|Any CPU
		{AF4294B1-DCE3-4968-BE38-F9AC700C2807}.Debug|x64.ActiveCfg = Debug|Any CPU
		{AF4294B1-DCE3-4968-BE38-F9AC700C2807}.Debug|x64.Build.0 = Debug|Any CPU
		{AF4294B1-DCE3-4968-BE38-F9AC700C2807}.Debug|x86.ActiveCfg = Debug|Any CPU
		{AF4294B1-DCE3-4968-BE38-F9AC700C2807}.Debug|x86.Build.0 = Debug|Any CPU
		{AF4294B1-DCE3-4968-BE38-F9AC700C2807}.Release|Any CPU.ActiveCfg = Release|Any CPU
		{AF4294B1-DCE3-4968-BE38-F9AC700C2807}.Release|Any CPU.Build.0 = Release|Any CPU
		{AF4294B1-DCE3-4968-BE38-F9AC700C2807}.Release|x64.ActiveCfg = Release|Any CPU
		{AF4294B1-DCE3-4968-BE38-F9AC700C2807}.Release|x64.Build.0 = Release|Any CPU
		{AF4294B1-DCE3-4968-BE38-F9AC700C2807}.Release|x86.ActiveCfg = Release|Any CPU
		{AF4294B1-DCE3-4968-BE38-F9AC700C2807}.Release|x86.Build.0 = Release|Any CPU
		{7D7DBCC1-CE20-4B80-BD49-E2072A3AD69B}.Debug|Any CPU.ActiveCfg = Debug|Any CPU
		{7D7DBCC1-CE20-4B80-BD49-E2072A3AD69B}.Debug|Any CPU.Build.0 = Debug|Any CPU
		{7D7DBCC1-CE20-4B80-BD49-E2072A3AD69B}.Debug|x64.ActiveCfg = Debug|Any CPU
		{7D7DBCC1-CE20-4B80-BD49-E2072A3AD69B}.Debug|x64.Build.0 = Debug|Any CPU
		{7D7DBCC1-CE20-4B80-BD49-E2072A3AD69B}.Debug|x86.ActiveCfg = Debug|Any CPU
		{7D7DBCC1-CE20-4B80-BD49-E2072A3AD69B}.Debug|x86.Build.0 = Debug|Any CPU
		{7D7DBCC1-CE20-4B80-BD49-E2072A3AD69B}.Release|Any CPU.ActiveCfg = Release|Any CPU
		{7D7DBCC1-CE20-4B80-BD49-E2072A3AD69B}.Release|Any CPU.Build.0 = Release|Any CPU
		{7D7DBCC1-CE20-4B80-BD49-E2072A3AD69B}.Release|x64.ActiveCfg = Release|Any CPU
		{7D7DBCC1-CE20-4B80-BD49-E2072A3AD69B}.Release|x64.Build.0 = Release|Any CPU
		{7D7DBCC1-CE20-4B80-BD49-E2072A3AD69B}.Release|x86.ActiveCfg = Release|Any CPU
		{7D7DBCC1-CE20-4B80-BD49-E2072A3AD69B}.Release|x86.Build.0 = Release|Any CPU
		{2F2809C8-80EC-4A8B-8621-A28EE8CC2257}.Debug|Any CPU.ActiveCfg = Debug|Any CPU
		{2F2809C8-80EC-4A8B-8621-A28EE8CC2257}.Debug|Any CPU.Build.0 = Debug|Any CPU
		{2F2809C8-80EC-4A8B-8621-A28EE8CC2257}.Debug|x64.ActiveCfg = Debug|Any CPU
		{2F2809C8-80EC-4A8B-8621-A28EE8CC2257}.Debug|x64.Build.0 = Debug|Any CPU
		{2F2809C8-80EC-4A8B-8621-A28EE8CC2257}.Debug|x86.ActiveCfg = Debug|Any CPU
		{2F2809C8-80EC-4A8B-8621-A28EE8CC2257}.Debug|x86.Build.0 = Debug|Any CPU
		{2F2809C8-80EC-4A8B-8621-A28EE8CC2257}.Release|Any CPU.ActiveCfg = Release|Any CPU
		{2F2809C8-80EC-4A8B-8621-A28EE8CC2257}.Release|Any CPU.Build.0 = Release|Any CPU
		{2F2809C8-80EC-4A8B-8621-A28EE8CC2257}.Release|x64.ActiveCfg = Release|Any CPU
		{2F2809C8-80EC-4A8B-8621-A28EE8CC2257}.Release|x64.Build.0 = Release|Any CPU
		{2F2809C8-80EC-4A8B-8621-A28EE8CC2257}.Release|x86.ActiveCfg = Release|Any CPU
		{2F2809C8-80EC-4A8B-8621-A28EE8CC2257}.Release|x86.Build.0 = Release|Any CPU
		{FB57940A-0B85-4121-BC6B-DF7B7A9437EA}.Debug|Any CPU.ActiveCfg = Debug|Any CPU
		{FB57940A-0B85-4121-BC6B-DF7B7A9437EA}.Debug|Any CPU.Build.0 = Debug|Any CPU
		{FB57940A-0B85-4121-BC6B-DF7B7A9437EA}.Debug|x64.ActiveCfg = Debug|Any CPU
		{FB57940A-0B85-4121-BC6B-DF7B7A9437EA}.Debug|x64.Build.0 = Debug|Any CPU
		{FB57940A-0B85-4121-BC6B-DF7B7A9437EA}.Debug|x86.ActiveCfg = Debug|Any CPU
		{FB57940A-0B85-4121-BC6B-DF7B7A9437EA}.Debug|x86.Build.0 = Debug|Any CPU
		{FB57940A-0B85-4121-BC6B-DF7B7A9437EA}.Release|Any CPU.ActiveCfg = Release|Any CPU
		{FB57940A-0B85-4121-BC6B-DF7B7A9437EA}.Release|Any CPU.Build.0 = Release|Any CPU
		{FB57940A-0B85-4121-BC6B-DF7B7A9437EA}.Release|x64.ActiveCfg = Release|Any CPU
		{FB57940A-0B85-4121-BC6B-DF7B7A9437EA}.Release|x64.Build.0 = Release|Any CPU
		{FB57940A-0B85-4121-BC6B-DF7B7A9437EA}.Release|x86.ActiveCfg = Release|Any CPU
		{FB57940A-0B85-4121-BC6B-DF7B7A9437EA}.Release|x86.Build.0 = Release|Any CPU
		{3EA57631-F6BB-4A09-A54B-D32E03D47FF2}.Debug|Any CPU.ActiveCfg = Debug|Any CPU
		{3EA57631-F6BB-4A09-A54B-D32E03D47FF2}.Debug|Any CPU.Build.0 = Debug|Any CPU
		{3EA57631-F6BB-4A09-A54B-D32E03D47FF2}.Debug|x64.ActiveCfg = Debug|Any CPU
		{3EA57631-F6BB-4A09-A54B-D32E03D47FF2}.Debug|x64.Build.0 = Debug|Any CPU
		{3EA57631-F6BB-4A09-A54B-D32E03D47FF2}.Debug|x86.ActiveCfg = Debug|Any CPU
		{3EA57631-F6BB-4A09-A54B-D32E03D47FF2}.Debug|x86.Build.0 = Debug|Any CPU
		{3EA57631-F6BB-4A09-A54B-D32E03D47FF2}.Release|Any CPU.ActiveCfg = Release|Any CPU
		{3EA57631-F6BB-4A09-A54B-D32E03D47FF2}.Release|Any CPU.Build.0 = Release|Any CPU
		{3EA57631-F6BB-4A09-A54B-D32E03D47FF2}.Release|x64.ActiveCfg = Release|Any CPU
		{3EA57631-F6BB-4A09-A54B-D32E03D47FF2}.Release|x64.Build.0 = Release|Any CPU
		{3EA57631-F6BB-4A09-A54B-D32E03D47FF2}.Release|x86.ActiveCfg = Release|Any CPU
		{3EA57631-F6BB-4A09-A54B-D32E03D47FF2}.Release|x86.Build.0 = Release|Any CPU
	EndGlobalSection
	GlobalSection(SolutionProperties) = preSolution
		HideSolutionNode = FALSE
	EndGlobalSection
	GlobalSection(NestedProjects) = preSolution
		{1811F614-3C31-4644-873A-30C5F6FADE7A} = {827E0CD3-B72D-47B6-A68D-7590B98EB39B}
		{AF4294B1-DCE3-4968-BE38-F9AC700C2807} = {827E0CD3-B72D-47B6-A68D-7590B98EB39B}
		{7D7DBCC1-CE20-4B80-BD49-E2072A3AD69B} = {827E0CD3-B72D-47B6-A68D-7590B98EB39B}
		{2F2809C8-80EC-4A8B-8621-A28EE8CC2257} = {827E0CD3-B72D-47B6-A68D-7590B98EB39B}
		{FB57940A-0B85-4121-BC6B-DF7B7A9437EA} = {0AB3BF05-4346-4AA6-1389-037BE0695223}
		{3EA57631-F6BB-4A09-A54B-D32E03D47FF2} = {0AB3BF05-4346-4AA6-1389-037BE0695223}
	EndGlobalSection
EndGlobal
